
Microsoft Visual Studio Solution File, Format Version 12.00
# Visual Studio Version 17
VisualStudioVersion = 17.5.33627.172
MinimumVisualStudioVersion = 10.0.40219.1
Project("{FAE04EC0-301F-11D3-BF4B-00C04F79EFBC}") = "Instant0492", "Instant0492\Instant0492.csproj", "{5061BE87-6905-4B57-BF71-F81624F51B3D}"
EndProject
Global
	GlobalSection(SolutionConfigurationPlatforms) = preSolution
		Debug|Any CPU = Debug|Any CPU
		Release|Any CPU = Release|Any CPU
	EndGlobalSection
	GlobalSection(ProjectConfigurationPlatforms) = postSolution
		{5061BE87-6905-4B57-BF71-F81624F51B3D}.Debug|Any CPU.ActiveCfg = Debug|Any CPU
		{5061BE87-6905-4B57-BF71-F81624F51B3D}.Debug|Any CPU.Build.0 = Debug|Any CPU
		{5061BE87-6905-4B57-BF71-F81624F51B3D}.Release|Any CPU.ActiveCfg = Release|Any CPU
		{5061BE87-6905-4B57-BF71-F81624F51B3D}.Release|Any CPU.Build.0 = Release|Any CPU
	EndGlobalSection
	GlobalSection(SolutionProperties) = preSolution
		HideSolutionNode = FALSE
	EndGlobalSection
	GlobalSection(ExtensibilityGlobals) = postSolution
		SolutionGuid = {20B46012-31A9-4C25-8B27-5D907ADB7608}
	EndGlobalSection
EndGlobal
